
Microsoft Visual Studio Solution File, Format Version 12.00
# Visual Studio Version 16
VisualStudioVersion = 16.0.29609.76
MinimumVisualStudioVersion = 10.0.40219.1
Project("{FAE04EC0-301F-11D3-BF4B-00C04F79EFBC}") = "EqInfo", "EqInfo\EqInfo.csproj", "{E17EC563-44C5-40F1-8DB0-C143462FFF57}"
EndProject
Global
	GlobalSection(SolutionConfigurationPlatforms) = preSolution
		Debug|Any CPU = Debug|Any CPU
		Release|Any CPU = Release|Any CPU
	EndGlobalSection
	GlobalSection(ProjectConfigurationPlatforms) = postSolution
		{E17EC563-44C5-40F1-8DB0-C143462FFF57}.Debug|Any CPU.ActiveCfg = Debug|Any CPU
		{E17EC563-44C5-40F1-8DB0-C143462FFF57}.Debug|Any CPU.Build.0 = Debug|Any CPU
		{E17EC563-44C5-40F1-8DB0-C143462FFF57}.Release|Any CPU.ActiveCfg = Release|Any CPU
		{E17EC563-44C5-40F1-8DB0-C143462FFF57}.Release|Any CPU.Build.0 = Release|Any CPU
	EndGlobalSection
	GlobalSection(SolutionProperties) = preSolution
		HideSolutionNode = FALSE
	EndGlobalSection
	GlobalSection(ExtensibilityGlobals) = postSolution
		SolutionGuid = {FD978EAE-2CDE-4C59-AE63-43505760DE7B}
	EndGlobalSection
EndGlobal
